
Microsoft Visual Studio Solution File, Format Version 12.00
# Visual Studio Version 16
VisualStudioVersion = 16.0.31729.503
MinimumVisualStudioVersion = 10.0.40219.1
Project("{FAE04EC0-301F-11D3-BF4B-00C04F79EFBC}") = "Maze", "Maze.csproj", "{D1F0B846-27CA-4A75-8E07-CE5CEEF19E12}"
EndProject
Global
	GlobalSection(SolutionConfigurationPlatforms) = preSolution
		Debug|Any CPU = Debug|Any CPU
		Release|Any CPU = Release|Any CPU
	EndGlobalSection
	GlobalSection(ProjectConfigurationPlatforms) = postSolution
		{D1F0B846-27CA-4A75-8E07-CE5CEEF19E12}.Debug|Any CPU.ActiveCfg = Debug|Any CPU
		{D1F0B846-27CA-4A75-8E07-CE5CEEF19E12}.Debug|Any CPU.Build.0 = Debug|Any CPU
		{D1F0B846-27CA-4A75-8E07-CE5CEEF19E12}.Release|Any CPU.ActiveCfg = Release|Any CPU
		{D1F0B846-27CA-4A75-8E07-CE5CEEF19E12}.Release|Any CPU.Build.0 = Release|Any CPU
	EndGlobalSection
	GlobalSection(SolutionProperties) = preSolution
		HideSolutionNode = FALSE
	EndGlobalSection
	GlobalSection(ExtensibilityGlobals) = postSolution
		SolutionGuid = {E01CB431-3B01-4B51-8437-9AB1D4EF1F5B}
	EndGlobalSection
EndGlobal
